{
  "lockfile_version": "1",
  "packages": {
    "github:NixOS/nixpkgs/nixpkgs-unstable": {
      "resolved": "github:NixOS/nixpkgs/3a05eebede89661660945da1f151959900903b6a?lastModified=1740547748&narHash=sha256-Ly2fBL1LscV%2BKyCqPRufUBuiw%2BzmWrlJzpWOWbahplg%3D"
    },
    "nodejs@24.8.0": {
      "last_modified": "2025-09-21T00:54:27Z",
      "plugin_version": "0.0.2",
      "resolved": "github:NixOS/nixpkgs/51c8f9cfaae8306d135095bcdb3df9027f95542d#nodejs_24",
      "source": "devbox-search",
      "version": "24.8.0",
      "systems": {
        "aarch64-darwin": {
          "outputs": [
            {
              "name": "out",
              "path": "/nix/store/cj8hvq7sqpsvjk7119w0w41sfp9606wx-nodejs-24.8.0",
              "default": true
            },
            {
              "name": "dev",
              "path": "/nix/store/smybrnlm3kfrfd03nsp01j3s25rjcn32-nodejs-24.8.0-dev"
            },
            {
              "name": "libv8",
              "path": "/nix/store/82fl9py60ms063fl5g98h9qi2c9zna9a-nodejs-24.8.0-libv8"
            }
          ],
          "store_path": "/nix/store/cj8hvq7sqpsvjk7119w0w41sfp9606wx-nodejs-24.8.0"
        },
        "aarch64-linux": {
          "outputs": [
            {
              "name": "out",
              "path": "/nix/store/855hdyp45b2k7dksv259w3m8fifcccz1-nodejs-24.8.0",
              "default": true
            },
            {
              "name": "dev",
              "path": "/nix/store/phz4mj4y3mdakkrp5334yppgs8lkkbhh-nodejs-24.8.0-dev"
            },
            {
              "name": "libv8",
              "path": "/nix/store/bmf3w1wdxbs63vmn71pi2icwfnimzx4z-nodejs-24.8.0-libv8"
            }
          ],
          "store_path": "/nix/store/855hdyp45b2k7dksv259w3m8fifcccz1-nodejs-24.8.0"
        },
        "x86_64-darwin": {
          "outputs": [
            {
              "name": "out",
              "path": "/nix/store/dzrcn8s95bfqigvyv4snpmbzlww4jb7v-nodejs-24.8.0",
              "default": true
            },
            {
              "name": "dev",
              "path": "/nix/store/b8whzzkhaxi31ysx8wdx50vzv01jcqzb-nodejs-24.8.0-dev"
            },
            {
              "name": "libv8",
              "path": "/nix/store/dhslzl533ik0maj8jiyl8rmsyv5iahig-nodejs-24.8.0-libv8"
            }
          ],
          "store_path": "/nix/store/dzrcn8s95bfqigvyv4snpmbzlww4jb7v-nodejs-24.8.0"
        },
        "x86_64-linux": {
          "outputs": [
            {
              "name": "out",
              "path": "/nix/store/a83yhhb3dibglaj5s80pxsr19s05d071-nodejs-24.8.0",
              "default": true
            },
            {
              "name": "dev",
              "path": "/nix/store/ggmz3g3yw7g5sv4j5f9lij3hxmdl2rai-nodejs-24.8.0-dev"
            },
            {
              "name": "libv8",
              "path": "/nix/store/9qhkgknw40n8kwcd5g5pw8fm0lbsd44q-nodejs-24.8.0-libv8"
            }
          ],
          "store_path": "/nix/store/a83yhhb3dibglaj5s80pxsr19s05d071-nodejs-24.8.0"
        }
      }
    },
    "pnpm@10.5.2": {
      "last_modified": "2025-02-27T15:48:43Z",
      "resolved": "github:NixOS/nixpkgs/6c5c5f5100281f8f4ff23f13edd17d645178c87c#pnpm",
      "source": "devbox-search",
      "version": "10.5.2",
      "systems": {
        "aarch64-darwin": {
          "outputs": [
            {
              "name": "out",
              "path": "/nix/store/4am7jn4i2zdbavf5wsvrnrch2g281clm-pnpm-10.5.2",
              "default": true
            }
          ],
          "store_path": "/nix/store/4am7jn4i2zdbavf5wsvrnrch2g281clm-pnpm-10.5.2"
        },
        "aarch64-linux": {
          "outputs": [
            {
              "name": "out",
              "path": "/nix/store/czsnfk0q4kwinyyfknbvqj1nk65dxxhz-pnpm-10.5.2",
              "default": true
            }
          ],
          "store_path": "/nix/store/czsnfk0q4kwinyyfknbvqj1nk65dxxhz-pnpm-10.5.2"
        },
        "x86_64-darwin": {
          "outputs": [
            {
              "name": "out",
              "path": "/nix/store/3niwypwhxnry5awvq5j0vplqrx568l66-pnpm-10.5.2",
              "default": true
            }
          ],
          "store_path": "/nix/store/3niwypwhxnry5awvq5j0vplqrx568l66-pnpm-10.5.2"
        },
        "x86_64-linux": {
          "outputs": [
            {
              "name": "out",
              "path": "/nix/store/1zbxqw7ahsnpqd2kkwfmh6j3wrh7wp24-pnpm-10.5.2",
              "default": true
            }
          ],
          "store_path": "/nix/store/1zbxqw7ahsnpqd2kkwfmh6j3wrh7wp24-pnpm-10.5.2"
        }
      }
    }
  }
}
